
Microsoft Visual Studio Solution File, Format Version 12.00
# Visual Studio Version 16
VisualStudioVersion = 16.0.30517.126
MinimumVisualStudioVersion = 10.0.40219.1
Project("{FAE04EC0-301F-11D3-BF4B-00C04F79EFBC}") = "QuanLyTiemBanh", "QuanLyTiemBanh\QuanLyTiemBanh.csproj", "{7C47FA7C-1328-4272-BBA5-4B6E66C23D29}"
EndProject
Global
	GlobalSection(SolutionConfigurationPlatforms) = preSolution
		Debug|Any CPU = Debug|Any CPU
		Release|Any CPU = Release|Any CPU
	EndGlobalSection
	GlobalSection(ProjectConfigurationPlatforms) = postSolution
		{7C47FA7C-1328-4272-BBA5-4B6E66C23D29}.Debug|Any CPU.ActiveCfg = Debug|Any CPU
		{7C47FA7C-1328-4272-BBA5-4B6E66C23D29}.Debug|Any CPU.Build.0 = Debug|Any CPU
		{7C47FA7C-1328-4272-BBA5-4B6E66C23D29}.Release|Any CPU.ActiveCfg = Release|Any CPU
		{7C47FA7C-1328-4272-BBA5-4B6E66C23D29}.Release|Any CPU.Build.0 = Release|Any CPU
	EndGlobalSection
	GlobalSection(SolutionProperties) = preSolution
		HideSolutionNode = FALSE
	EndGlobalSection
	GlobalSection(ExtensibilityGlobals) = postSolution
		SolutionGuid = {ACB85392-E8AE-4CBF-B0E2-28C6CFC14372}
	EndGlobalSection
EndGlobal
